{
    "version": 3,
    "terraform_version": "0.10.8",
    "serial": 23,
    "lineage": "d170ee03-6dd4-4fbb-b01f-0e2f3b23f6df",
    "modules": [
        {
            "path": [
                "root"
            ],
            "outputs": {},
            "resources": {
                "aws_internet_gateway.IGW": {
                    "type": "aws_internet_gateway",
                    "depends_on": [
                        "aws_vpc.VPC"
                    ],
                    "primary": {
                        "id": "igw-e88bd781",
                        "attributes": {
                            "id": "igw-e88bd781",
                            "tags.%": "1",
                            "tags.Name": "tf-igw",
                            "vpc_id": "vpc-6a8b6502"
                        },
                        "meta": {},
                        "tainted": false
                    },
                    "deposed": [],
                    "provider": ""
                },
                "aws_key_pair.SSHKEY": {
                    "type": "aws_key_pair",
                    "depends_on": [],
                    "primary": {
                        "id": "azekey",
                        "attributes": {
                            "id": "azekey",
                            "key_name": "azekey",
                            "public_key": "ssh-rsa AAAAB3NzaC1yc2EAAAADAQABAAABAQCwzuQtyCM6w56lFB6Y5yHM0/Cfun21VaTCK8jy2ShK2quYnYYYKgR13+0BammPX0pz7VAuHYUInC6L8sSVwSzd0N4vbX94S+4P3Ttv3zfIyeEeTJ4uA9HRH3R9HarouBcE+5Q0ZzTVT4vdz/JYfLH7qAE4ELwJ9xpPux/AKF3OSw56NaBiIRI2we7Ep8Ds2Z4s0+wP9WjAkZZs3zASarmuStqZEG+VyqfFhBPCnKUtACa1J+gIbn0I9eevutc55DlD84v/yEO+u3AmYGLXc/wls9snA6YZ3aKxCHkbqkWQEeZYZQi0KoTugECJcr7ciiW1OMLvvWgNAc+ZA21zwswF azesantos"
                        },
                        "meta": {
                            "schema_version": "1"
                        },
                        "tainted": false
                    },
                    "deposed": [],
                    "provider": ""
                },
                "aws_route_table.RT_PUBLIC": {
                    "type": "aws_route_table",
                    "depends_on": [
                        "aws_internet_gateway.IGW",
                        "aws_vpc.VPC"
                    ],
                    "primary": {
                        "id": "rtb-c4f622ac",
                        "attributes": {
                            "id": "rtb-c4f622ac",
                            "propagating_vgws.#": "0",
                            "route.#": "1",
                            "route.535329776.cidr_block": "0.0.0.0/0",
                            "route.535329776.egress_only_gateway_id": "",
                            "route.535329776.gateway_id": "igw-e88bd781",
                            "route.535329776.instance_id": "",
                            "route.535329776.ipv6_cidr_block": "",
                            "route.535329776.nat_gateway_id": "",
                            "route.535329776.network_interface_id": "",
                            "route.535329776.vpc_peering_connection_id": "",
                            "tags.%": "1",
                            "tags.Name": "tf-public",
                            "vpc_id": "vpc-6a8b6502"
                        },
                        "meta": {},
                        "tainted": false
                    },
                    "deposed": [],
                    "provider": ""
                },
                "aws_route_table_association.RTA_PUBLIC1": {
                    "type": "aws_route_table_association",
                    "depends_on": [
                        "aws_route_table.RT_PUBLIC",
                        "aws_subnet.SN_PUBLIC1"
                    ],
                    "primary": {
                        "id": "rtbassoc-828ef7ea",
                        "attributes": {
                            "id": "rtbassoc-828ef7ea",
                            "route_table_id": "rtb-c4f622ac",
                            "subnet_id": "subnet-c86093a0"
                        },
                        "meta": {},
                        "tainted": false
                    },
                    "deposed": [],
                    "provider": ""
                },
                "aws_route_table_association.RTA_PUBLIC2": {
                    "type": "aws_route_table_association",
                    "depends_on": [
                        "aws_route_table.RT_PUBLIC",
                        "aws_subnet.SN_PUBLIC2"
                    ],
                    "primary": {
                        "id": "rtbassoc-7e8ef716",
                        "attributes": {
                            "id": "rtbassoc-7e8ef716",
                            "route_table_id": "rtb-c4f622ac",
                            "subnet_id": "subnet-fbddeb80"
                        },
                        "meta": {},
                        "tainted": false
                    },
                    "deposed": [],
                    "provider": ""
                },
                "aws_security_group.SG_BASTION": {
                    "type": "aws_security_group",
                    "depends_on": [
                        "aws_vpc.VPC"
                    ],
                    "primary": {
                        "id": "sg-c5abf3ad",
                        "attributes": {
                            "description": "Allow Access to Bastion Server",
                            "egress.#": "1",
                            "egress.482069346.cidr_blocks.#": "1",
                            "egress.482069346.cidr_blocks.0": "0.0.0.0/0",
                            "egress.482069346.description": "",
                            "egress.482069346.from_port": "0",
                            "egress.482069346.ipv6_cidr_blocks.#": "0",
                            "egress.482069346.prefix_list_ids.#": "0",
                            "egress.482069346.protocol": "-1",
                            "egress.482069346.security_groups.#": "0",
                            "egress.482069346.self": "false",
                            "egress.482069346.to_port": "0",
                            "id": "sg-c5abf3ad",
                            "ingress.#": "1",
                            "ingress.2581681239.cidr_blocks.#": "1",
                            "ingress.2581681239.cidr_blocks.0": "103.247.252.4/32",
                            "ingress.2581681239.description": "",
                            "ingress.2581681239.from_port": "22",
                            "ingress.2581681239.ipv6_cidr_blocks.#": "0",
                            "ingress.2581681239.protocol": "tcp",
                            "ingress.2581681239.security_groups.#": "0",
                            "ingress.2581681239.self": "false",
                            "ingress.2581681239.to_port": "22",
                            "name": "SG_BASTION",
                            "owner_id": "922134043293",
                            "revoke_rules_on_delete": "false",
                            "tags.%": "1",
                            "tags.Name": "tf-sgbastion",
                            "vpc_id": "vpc-6a8b6502"
                        },
                        "meta": {
                            "schema_version": "1"
                        },
                        "tainted": false
                    },
                    "deposed": [],
                    "provider": ""
                },
                "aws_security_group.SG_PUBLIC": {
                    "type": "aws_security_group",
                    "depends_on": [
                        "aws_vpc.VPC"
                    ],
                    "primary": {
                        "id": "sg-4ca9f124",
                        "attributes": {
                            "description": "Allow external access",
                            "egress.#": "1",
                            "egress.482069346.cidr_blocks.#": "1",
                            "egress.482069346.cidr_blocks.0": "0.0.0.0/0",
                            "egress.482069346.description": "",
                            "egress.482069346.from_port": "0",
                            "egress.482069346.ipv6_cidr_blocks.#": "0",
                            "egress.482069346.prefix_list_ids.#": "0",
                            "egress.482069346.protocol": "-1",
                            "egress.482069346.security_groups.#": "0",
                            "egress.482069346.self": "false",
                            "egress.482069346.to_port": "0",
                            "id": "sg-4ca9f124",
                            "ingress.#": "1",
                            "ingress.2214680975.cidr_blocks.#": "1",
                            "ingress.2214680975.cidr_blocks.0": "0.0.0.0/0",
                            "ingress.2214680975.description": "",
                            "ingress.2214680975.from_port": "80",
                            "ingress.2214680975.ipv6_cidr_blocks.#": "0",
                            "ingress.2214680975.protocol": "tcp",
                            "ingress.2214680975.security_groups.#": "0",
                            "ingress.2214680975.self": "false",
                            "ingress.2214680975.to_port": "80",
                            "name": "SG_PUBLIC",
                            "owner_id": "922134043293",
                            "revoke_rules_on_delete": "false",
                            "tags.%": "1",
                            "tags.Name": "tf-sgpublic",
                            "vpc_id": "vpc-6a8b6502"
                        },
                        "meta": {
                            "schema_version": "1"
                        },
                        "tainted": false
                    },
                    "deposed": [],
                    "provider": ""
                },
                "aws_security_group.SG_RDS": {
                    "type": "aws_security_group",
                    "depends_on": [
                        "aws_security_group.SG_BASTION",
                        "aws_security_group.SG_PUBLIC",
                        "aws_vpc.VPC"
                    ],
                    "primary": {
                        "id": "sg-0eb6ee66",
                        "attributes": {
                            "description": "Used for DB Instances",
                            "egress.#": "0",
                            "id": "sg-0eb6ee66",
                            "ingress.#": "1",
                            "ingress.1733450933.cidr_blocks.#": "0",
                            "ingress.1733450933.description": "",
                            "ingress.1733450933.from_port": "3306",
                            "ingress.1733450933.ipv6_cidr_blocks.#": "0",
                            "ingress.1733450933.protocol": "tcp",
                            "ingress.1733450933.security_groups.#": "2",
                            "ingress.1733450933.security_groups.1872917928": "sg-4ca9f124",
                            "ingress.1733450933.security_groups.3338544685": "sg-c5abf3ad",
                            "ingress.1733450933.self": "false",
                            "ingress.1733450933.to_port": "3306",
                            "name": "SG_RDS",
                            "owner_id": "922134043293",
                            "revoke_rules_on_delete": "false",
                            "tags.%": "1",
                            "tags.Name": "tf-rds",
                            "vpc_id": "vpc-6a8b6502"
                        },
                        "meta": {
                            "schema_version": "1"
                        },
                        "tainted": false
                    },
                    "deposed": [],
                    "provider": ""
                },
                "aws_subnet.SN_PRIVATE1": {
                    "type": "aws_subnet",
                    "depends_on": [
                        "aws_vpc.VPC"
                    ],
                    "primary": {
                        "id": "subnet-6a649702",
                        "attributes": {
                            "assign_ipv6_address_on_creation": "false",
                            "availability_zone": "us-east-2a",
                            "cidr_block": "11.0.11.0/25",
                            "id": "subnet-6a649702",
                            "map_public_ip_on_launch": "false",
                            "tags.%": "1",
                            "tags.Name": "tf-snpriv1",
                            "vpc_id": "vpc-6a8b6502"
                        },
                        "meta": {
                            "schema_version": "1"
                        },
                        "tainted": false
                    },
                    "deposed": [],
                    "provider": ""
                },
                "aws_subnet.SN_PRIVATE2": {
                    "type": "aws_subnet",
                    "depends_on": [
                        "aws_vpc.VPC"
                    ],
                    "primary": {
                        "id": "subnet-9bd8eee0",
                        "attributes": {
                            "assign_ipv6_address_on_creation": "false",
                            "availability_zone": "us-east-2b",
                            "cidr_block": "11.0.11.128/25",
                            "id": "subnet-9bd8eee0",
                            "map_public_ip_on_launch": "false",
                            "tags.%": "1",
                            "tags.Name": "tf-snpriv2",
                            "vpc_id": "vpc-6a8b6502"
                        },
                        "meta": {
                            "schema_version": "1"
                        },
                        "tainted": false
                    },
                    "deposed": [],
                    "provider": ""
                },
                "aws_subnet.SN_PUBLIC1": {
                    "type": "aws_subnet",
                    "depends_on": [
                        "aws_vpc.VPC"
                    ],
                    "primary": {
                        "id": "subnet-c86093a0",
                        "attributes": {
                            "assign_ipv6_address_on_creation": "false",
                            "availability_zone": "us-east-2a",
                            "cidr_block": "11.0.10.0/25",
                            "id": "subnet-c86093a0",
                            "map_public_ip_on_launch": "true",
                            "tags.%": "1",
                            "tags.Name": "tf-snpub1",
                            "vpc_id": "vpc-6a8b6502"
                        },
                        "meta": {
                            "schema_version": "1"
                        },
                        "tainted": false
                    },
                    "deposed": [],
                    "provider": ""
                },
                "aws_subnet.SN_PUBLIC2": {
                    "type": "aws_subnet",
                    "depends_on": [
                        "aws_vpc.VPC"
                    ],
                    "primary": {
                        "id": "subnet-fbddeb80",
                        "attributes": {
                            "assign_ipv6_address_on_creation": "false",
                            "availability_zone": "us-east-2b",
                            "cidr_block": "11.0.10.128/25",
                            "id": "subnet-fbddeb80",
                            "map_public_ip_on_launch": "true",
                            "tags.%": "1",
                            "tags.Name": "tf-snpub2",
                            "vpc_id": "vpc-6a8b6502"
                        },
                        "meta": {
                            "schema_version": "1"
                        },
                        "tainted": false
                    },
                    "deposed": [],
                    "provider": ""
                },
                "aws_subnet.SN_RDS1": {
                    "type": "aws_subnet",
                    "depends_on": [
                        "aws_vpc.VPC"
                    ],
                    "primary": {
                        "id": "subnet-08679460",
                        "attributes": {
                            "assign_ipv6_address_on_creation": "false",
                            "availability_zone": "us-east-2a",
                            "cidr_block": "11.0.12.0/25",
                            "id": "subnet-08679460",
                            "map_public_ip_on_launch": "false",
                            "tags.%": "1",
                            "tags.Name": "tf-snrds1",
                            "vpc_id": "vpc-6a8b6502"
                        },
                        "meta": {
                            "schema_version": "1"
                        },
                        "tainted": false
                    },
                    "deposed": [],
                    "provider": ""
                },
                "aws_subnet.SN_RDS2": {
                    "type": "aws_subnet",
                    "depends_on": [
                        "aws_vpc.VPC"
                    ],
                    "primary": {
                        "id": "subnet-42d9ef39",
                        "attributes": {
                            "assign_ipv6_address_on_creation": "false",
                            "availability_zone": "us-east-2b",
                            "cidr_block": "11.0.12.128/25",
                            "id": "subnet-42d9ef39",
                            "map_public_ip_on_launch": "false",
                            "tags.%": "1",
                            "tags.Name": "tf-snrds2",
                            "vpc_id": "vpc-6a8b6502"
                        },
                        "meta": {
                            "schema_version": "1"
                        },
                        "tainted": false
                    },
                    "deposed": [],
                    "provider": ""
                },
                "aws_vpc.VPC": {
                    "type": "aws_vpc",
                    "depends_on": [],
                    "primary": {
                        "id": "vpc-6a8b6502",
                        "attributes": {
                            "assign_generated_ipv6_cidr_block": "false",
                            "cidr_block": "11.0.0.0/16",
                            "default_network_acl_id": "acl-f5e4239d",
                            "default_route_table_id": "rtb-a3f420cb",
                            "default_security_group_id": "sg-3ea8f056",
                            "dhcp_options_id": "dopt-168b367f",
                            "enable_dns_hostnames": "false",
                            "enable_dns_support": "true",
                            "id": "vpc-6a8b6502",
                            "instance_tenancy": "default",
                            "main_route_table_id": "rtb-a3f420cb",
                            "tags.%": "1",
                            "tags.Name": "tf-vpc"
                        },
                        "meta": {
                            "schema_version": "1"
                        },
                        "tainted": false
                    },
                    "deposed": [],
                    "provider": ""
                }
            },
            "depends_on": []
        }
    ]
}
