{
    "version": 3,
    "terraform_version": "0.9.5",
    "serial": 18,
    "lineage": "d170ee03-6dd4-4fbb-b01f-0e2f3b23f6df",
    "modules": [
        {
            "path": [
                "root"
            ],
            "outputs": {},
            "resources": {
                "aws_autoscaling_group.ASG": {
                    "type": "aws_autoscaling_group",
                    "depends_on": [
                        "aws_elb.ELB",
                        "aws_launch_configuration.LC",
                        "aws_subnet.SN_PRIVATE1",
                        "aws_subnet.SN_PRIVATE2"
                    ],
                    "primary": {
                        "id": "asg-lc-00e66f565955dac1d6344b4ae0",
                        "attributes": {
                            "arn": "arn:aws:autoscaling:us-east-2:922134043293:autoScalingGroup:d517a50d-0f0c-4ff7-a0e8-8878db66945f:autoScalingGroupName/asg-lc-00e66f565955dac1d6344b4ae0",
                            "availability_zones.#": "2",
                            "availability_zones.1726430690": "us-east-2b",
                            "availability_zones.4293815384": "us-east-2a",
                            "default_cooldown": "300",
                            "desired_capacity": "2",
                            "force_delete": "true",
                            "health_check_grace_period": "300",
                            "health_check_type": "EC2",
                            "id": "asg-lc-00e66f565955dac1d6344b4ae0",
                            "launch_configuration": "lc-00e66f565955dac1d6344b4ae0",
                            "load_balancers.#": "1",
                            "load_balancers.1292809868": "ELB",
                            "max_size": "2",
                            "metrics_granularity": "1Minute",
                            "min_size": "1",
                            "name": "asg-lc-00e66f565955dac1d6344b4ae0",
                            "placement_group": "",
                            "protect_from_scale_in": "false",
                            "suspended_processes.#": "0",
                            "tag.#": "1",
                            "tag.2077868890.key": "Name",
                            "tag.2077868890.propagate_at_launch": "true",
                            "tag.2077868890.value": "tf-asg",
                            "target_group_arns.#": "0",
                            "termination_policies.#": "0",
                            "vpc_zone_identifier.#": "2",
                            "vpc_zone_identifier.2222971735": "subnet-4a19ee22",
                            "vpc_zone_identifier.4280970339": "subnet-9ca58fe7",
                            "wait_for_capacity_timeout": "10m"
                        },
                        "meta": {},
                        "tainted": false
                    },
                    "deposed": [],
                    "provider": ""
                },
                "aws_db_subnet_group.SNG_RDS": {
                    "type": "aws_db_subnet_group",
                    "depends_on": [
                        "aws_subnet.SN_RDS1",
                        "aws_subnet.SN_RDS2"
                    ],
                    "primary": {
                        "id": "tf_sngrds",
                        "attributes": {
                            "arn": "arn:aws:rds:us-east-2:922134043293:subgrp:tf_sngrds",
                            "description": "Managed by Terraform",
                            "id": "tf_sngrds",
                            "name": "tf_sngrds",
                            "subnet_ids.#": "2",
                            "subnet_ids.2964234337": "subnet-061dea6e",
                            "subnet_ids.3677167405": "subnet-17bb916c",
                            "tags.%": "1",
                            "tags.Name": "tf-sngrds"
                        },
                        "meta": {},
                        "tainted": false
                    },
                    "deposed": [],
                    "provider": ""
                },
                "aws_elb.ELB": {
                    "type": "aws_elb",
                    "depends_on": [
                        "aws_security_group.SG_WEB",
                        "aws_subnet.SN_PRIVATE1",
                        "aws_subnet.SN_PRIVATE2"
                    ],
                    "primary": {
                        "id": "ELB",
                        "attributes": {
                            "access_logs.#": "0",
                            "availability_zones.#": "2",
                            "availability_zones.1726430690": "us-east-2b",
                            "availability_zones.4293815384": "us-east-2a",
                            "connection_draining": "true",
                            "connection_draining_timeout": "400",
                            "cross_zone_load_balancing": "true",
                            "dns_name": "ELB-195083538.us-east-2.elb.amazonaws.com",
                            "health_check.#": "1",
                            "health_check.0.healthy_threshold": "2",
                            "health_check.0.interval": "30",
                            "health_check.0.target": "HTTP:80/",
                            "health_check.0.timeout": "3",
                            "health_check.0.unhealthy_threshold": "2",
                            "id": "ELB",
                            "idle_timeout": "400",
                            "instances.#": "0",
                            "internal": "false",
                            "listener.#": "1",
                            "listener.3057123346.instance_port": "80",
                            "listener.3057123346.instance_protocol": "http",
                            "listener.3057123346.lb_port": "80",
                            "listener.3057123346.lb_protocol": "http",
                            "listener.3057123346.ssl_certificate_id": "",
                            "name": "ELB",
                            "security_groups.#": "1",
                            "security_groups.3984478931": "sg-997d2bf1",
                            "source_security_group": "922134043293/SG_WEB",
                            "source_security_group_id": "sg-997d2bf1",
                            "subnets.#": "2",
                            "subnets.2222971735": "subnet-4a19ee22",
                            "subnets.4280970339": "subnet-9ca58fe7",
                            "tags.%": "1",
                            "tags.Name": "tf-elb",
                            "zone_id": "Z3AADJGX6KTTL2"
                        },
                        "meta": {},
                        "tainted": false
                    },
                    "deposed": [],
                    "provider": ""
                },
                "aws_instance.INS_BASTION": {
                    "type": "aws_instance",
                    "depends_on": [
                        "aws_key_pair.SSHKEY",
                        "aws_security_group.SG_BASTION",
                        "aws_security_group.SG_PUBLIC",
                        "aws_subnet.SN_PUBLIC1"
                    ],
                    "primary": {
                        "id": "i-009ea2eae8a5a07d8",
                        "attributes": {
                            "ami": "ami-aa1b34cf",
                            "associate_public_ip_address": "true",
                            "availability_zone": "us-east-2a",
                            "disable_api_termination": "false",
                            "ebs_block_device.#": "0",
                            "ebs_optimized": "false",
                            "ephemeral_block_device.#": "0",
                            "iam_instance_profile": "",
                            "id": "i-009ea2eae8a5a07d8",
                            "instance_state": "running",
                            "instance_type": "t2.micro",
                            "ipv6_address_count": "0",
                            "ipv6_addresses.#": "0",
                            "key_name": "azekey",
                            "monitoring": "false",
                            "network_interface.#": "0",
                            "network_interface_id": "eni-765b2029",
                            "primary_network_interface_id": "eni-765b2029",
                            "private_dns": "ip-11-0-10-14.us-east-2.compute.internal",
                            "private_ip": "11.0.10.14",
                            "public_dns": "",
                            "public_ip": "18.216.74.225",
                            "root_block_device.#": "1",
                            "root_block_device.0.delete_on_termination": "true",
                            "root_block_device.0.iops": "100",
                            "root_block_device.0.volume_size": "8",
                            "root_block_device.0.volume_type": "gp2",
                            "security_groups.#": "0",
                            "source_dest_check": "true",
                            "subnet_id": "subnet-5e1ceb36",
                            "tags.%": "1",
                            "tags.Name": "tf-insbastion",
                            "tenancy": "default",
                            "volume_tags.%": "0",
                            "vpc_security_group_ids.#": "2",
                            "vpc_security_group_ids.476228110": "sg-517e2839",
                            "vpc_security_group_ids.924690378": "sg-20732548"
                        },
                        "meta": {
                            "schema_version": "1"
                        },
                        "tainted": false
                    },
                    "deposed": [],
                    "provider": ""
                },
                "aws_instance.INS_NAT": {
                    "type": "aws_instance",
                    "depends_on": [
                        "aws_key_pair.SSHKEY",
                        "aws_security_group.SG_PUBLIC",
                        "aws_subnet.SN_PUBLIC2"
                    ],
                    "primary": {
                        "id": "i-00b8d76ea3507532b",
                        "attributes": {
                            "ami": "ami-021e3167",
                            "associate_public_ip_address": "true",
                            "availability_zone": "us-east-2b",
                            "disable_api_termination": "false",
                            "ebs_block_device.#": "0",
                            "ebs_optimized": "false",
                            "ephemeral_block_device.#": "0",
                            "iam_instance_profile": "",
                            "id": "i-00b8d76ea3507532b",
                            "instance_state": "running",
                            "instance_type": "t2.micro",
                            "ipv6_address_count": "0",
                            "ipv6_addresses.#": "0",
                            "key_name": "azekey",
                            "monitoring": "false",
                            "network_interface.#": "0",
                            "network_interface_id": "eni-e0ce4cb5",
                            "primary_network_interface_id": "eni-e0ce4cb5",
                            "private_dns": "ip-11-0-10-215.us-east-2.compute.internal",
                            "private_ip": "11.0.10.215",
                            "public_dns": "",
                            "public_ip": "18.217.87.22",
                            "root_block_device.#": "1",
                            "root_block_device.0.delete_on_termination": "true",
                            "root_block_device.0.iops": "0",
                            "root_block_device.0.volume_size": "8",
                            "root_block_device.0.volume_type": "standard",
                            "security_groups.#": "0",
                            "source_dest_check": "true",
                            "subnet_id": "subnet-93a58fe8",
                            "tags.%": "1",
                            "tags.Name": "tf-insnat",
                            "tenancy": "default",
                            "volume_tags.%": "0",
                            "vpc_security_group_ids.#": "1",
                            "vpc_security_group_ids.476228110": "sg-517e2839"
                        },
                        "meta": {
                            "schema_version": "1"
                        },
                        "tainted": false
                    },
                    "deposed": [],
                    "provider": ""
                },
                "aws_internet_gateway.IGW": {
                    "type": "aws_internet_gateway",
                    "depends_on": [
                        "aws_vpc.VPC"
                    ],
                    "primary": {
                        "id": "igw-db95c6b2",
                        "attributes": {
                            "id": "igw-db95c6b2",
                            "tags.%": "1",
                            "tags.Name": "tf-igw",
                            "vpc_id": "vpc-7fe70417"
                        },
                        "meta": {},
                        "tainted": false
                    },
                    "deposed": [],
                    "provider": ""
                },
                "aws_key_pair.SSHKEY": {
                    "type": "aws_key_pair",
                    "depends_on": [],
                    "primary": {
                        "id": "azekey",
                        "attributes": {
                            "fingerprint": "7b:8d:4b:06:f5:3a:f9:57:85:57:3c:61:fa:45:9e:e8",
                            "id": "azekey",
                            "key_name": "azekey",
                            "public_key": "ssh-rsa AAAAB3NzaC1yc2EAAAADAQABAAABAQCwzuQtyCM6w56lFB6Y5yHM0/Cfun21VaTCK8jy2ShK2quYnYYYKgR13+0BammPX0pz7VAuHYUInC6L8sSVwSzd0N4vbX94S+4P3Ttv3zfIyeEeTJ4uA9HRH3R9HarouBcE+5Q0ZzTVT4vdz/JYfLH7qAE4ELwJ9xpPux/AKF3OSw56NaBiIRI2we7Ep8Ds2Z4s0+wP9WjAkZZs3zASarmuStqZEG+VyqfFhBPCnKUtACa1J+gIbn0I9eevutc55DlD84v/yEO+u3AmYGLXc/wls9snA6YZ3aKxCHkbqkWQEeZYZQi0KoTugECJcr7ciiW1OMLvvWgNAc+ZA21zwswF azesantos"
                        },
                        "meta": {
                            "schema_version": "1"
                        },
                        "tainted": false
                    },
                    "deposed": [],
                    "provider": ""
                },
                "aws_launch_configuration.LC": {
                    "type": "aws_launch_configuration",
                    "depends_on": [
                        "aws_key_pair.SSHKEY",
                        "aws_security_group.SG_SSH",
                        "aws_security_group.SG_WEB"
                    ],
                    "primary": {
                        "id": "lc-00e66f565955dac1d6344b4ae0",
                        "attributes": {
                            "associate_public_ip_address": "false",
                            "ebs_block_device.#": "0",
                            "ebs_optimized": "false",
                            "enable_monitoring": "true",
                            "ephemeral_block_device.#": "0",
                            "iam_instance_profile": "",
                            "id": "lc-00e66f565955dac1d6344b4ae0",
                            "image_id": "ami-aa1b34cf",
                            "instance_type": "t2.micro",
                            "key_name": "azekey",
                            "name": "lc-00e66f565955dac1d6344b4ae0",
                            "name_prefix": "lc-",
                            "root_block_device.#": "0",
                            "security_groups.#": "2",
                            "security_groups.3984478931": "sg-997d2bf1",
                            "security_groups.866948525": "sg-8a7c2ae2",
                            "spot_price": "",
                            "user_data": "292292da5a20d25cd5d40ff0f80cf42138774e89",
                            "vpc_classic_link_id": "",
                            "vpc_classic_link_security_groups.#": "0"
                        },
                        "meta": {},
                        "tainted": false
                    },
                    "deposed": [],
                    "provider": ""
                },
                "aws_route_table.RT_PRIVATE": {
                    "type": "aws_route_table",
                    "depends_on": [
                        "aws_instance.INS_NAT",
                        "aws_vpc.VPC"
                    ],
                    "primary": {
                        "id": "rtb-b9f638d1",
                        "attributes": {
                            "id": "rtb-b9f638d1",
                            "propagating_vgws.#": "0",
                            "route.#": "1",
                            "route.3492128027.cidr_block": "0.0.0.0/0",
                            "route.3492128027.egress_only_gateway_id": "",
                            "route.3492128027.gateway_id": "",
                            "route.3492128027.instance_id": "i-00b8d76ea3507532b",
                            "route.3492128027.ipv6_cidr_block": "",
                            "route.3492128027.nat_gateway_id": "",
                            "route.3492128027.network_interface_id": "eni-e0ce4cb5",
                            "route.3492128027.vpc_peering_connection_id": "",
                            "tags.%": "1",
                            "tags.Name": "tf-private",
                            "vpc_id": "vpc-7fe70417"
                        },
                        "meta": {},
                        "tainted": false
                    },
                    "deposed": [],
                    "provider": ""
                },
                "aws_route_table.RT_PUBLIC": {
                    "type": "aws_route_table",
                    "depends_on": [
                        "aws_internet_gateway.IGW",
                        "aws_vpc.VPC"
                    ],
                    "primary": {
                        "id": "rtb-a5f33dcd",
                        "attributes": {
                            "id": "rtb-a5f33dcd",
                            "propagating_vgws.#": "0",
                            "route.#": "1",
                            "route.2075899312.cidr_block": "0.0.0.0/0",
                            "route.2075899312.egress_only_gateway_id": "",
                            "route.2075899312.gateway_id": "igw-db95c6b2",
                            "route.2075899312.instance_id": "",
                            "route.2075899312.ipv6_cidr_block": "",
                            "route.2075899312.nat_gateway_id": "",
                            "route.2075899312.network_interface_id": "",
                            "route.2075899312.vpc_peering_connection_id": "",
                            "tags.%": "1",
                            "tags.Name": "tf-public",
                            "vpc_id": "vpc-7fe70417"
                        },
                        "meta": {},
                        "tainted": false
                    },
                    "deposed": [],
                    "provider": ""
                },
                "aws_route_table_association.RTA_PRIVATE1": {
                    "type": "aws_route_table_association",
                    "depends_on": [
                        "aws_route_table.RT_PRIVATE",
                        "aws_subnet.SN_PRIVATE1"
                    ],
                    "primary": {
                        "id": "rtbassoc-ab6a1ac3",
                        "attributes": {
                            "id": "rtbassoc-ab6a1ac3",
                            "route_table_id": "rtb-b9f638d1",
                            "subnet_id": "subnet-4a19ee22"
                        },
                        "meta": {},
                        "tainted": false
                    },
                    "deposed": [],
                    "provider": ""
                },
                "aws_route_table_association.RTA_PRIVATE2": {
                    "type": "aws_route_table_association",
                    "depends_on": [
                        "aws_route_table.RT_PRIVATE",
                        "aws_subnet.SN_PRIVATE2"
                    ],
                    "primary": {
                        "id": "rtbassoc-056a1a6d",
                        "attributes": {
                            "id": "rtbassoc-056a1a6d",
                            "route_table_id": "rtb-b9f638d1",
                            "subnet_id": "subnet-9ca58fe7"
                        },
                        "meta": {},
                        "tainted": false
                    },
                    "deposed": [],
                    "provider": ""
                },
                "aws_route_table_association.RTA_PUBLIC1": {
                    "type": "aws_route_table_association",
                    "depends_on": [
                        "aws_route_table.RT_PUBLIC",
                        "aws_subnet.SN_PUBLIC1"
                    ],
                    "primary": {
                        "id": "rtbassoc-5a681832",
                        "attributes": {
                            "id": "rtbassoc-5a681832",
                            "route_table_id": "rtb-a5f33dcd",
                            "subnet_id": "subnet-5e1ceb36"
                        },
                        "meta": {},
                        "tainted": false
                    },
                    "deposed": [],
                    "provider": ""
                },
                "aws_route_table_association.RTA_PUBLIC2": {
                    "type": "aws_route_table_association",
                    "depends_on": [
                        "aws_route_table.RT_PUBLIC",
                        "aws_subnet.SN_PUBLIC2"
                    ],
                    "primary": {
                        "id": "rtbassoc-576c1c3f",
                        "attributes": {
                            "id": "rtbassoc-576c1c3f",
                            "route_table_id": "rtb-a5f33dcd",
                            "subnet_id": "subnet-93a58fe8"
                        },
                        "meta": {},
                        "tainted": false
                    },
                    "deposed": [],
                    "provider": ""
                },
                "aws_route_table_association.RTA_RDS1": {
                    "type": "aws_route_table_association",
                    "depends_on": [
                        "aws_route_table.RT_PRIVATE",
                        "aws_subnet.SN_RDS1"
                    ],
                    "primary": {
                        "id": "rtbassoc-c36919ab",
                        "attributes": {
                            "id": "rtbassoc-c36919ab",
                            "route_table_id": "rtb-b9f638d1",
                            "subnet_id": "subnet-061dea6e"
                        },
                        "meta": {},
                        "tainted": false
                    },
                    "deposed": [],
                    "provider": ""
                },
                "aws_route_table_association.RTA_RDS2": {
                    "type": "aws_route_table_association",
                    "depends_on": [
                        "aws_route_table.RT_PRIVATE",
                        "aws_subnet.SN_RDS2"
                    ],
                    "primary": {
                        "id": "rtbassoc-50681838",
                        "attributes": {
                            "id": "rtbassoc-50681838",
                            "route_table_id": "rtb-b9f638d1",
                            "subnet_id": "subnet-17bb916c"
                        },
                        "meta": {},
                        "tainted": false
                    },
                    "deposed": [],
                    "provider": ""
                },
                "aws_security_group.SG_BASTION": {
                    "type": "aws_security_group",
                    "depends_on": [
                        "aws_vpc.VPC"
                    ],
                    "primary": {
                        "id": "sg-20732548",
                        "attributes": {
                            "description": "Allow Access to Bastion Server",
                            "egress.#": "1",
                            "egress.482069346.cidr_blocks.#": "1",
                            "egress.482069346.cidr_blocks.0": "0.0.0.0/0",
                            "egress.482069346.from_port": "0",
                            "egress.482069346.ipv6_cidr_blocks.#": "0",
                            "egress.482069346.prefix_list_ids.#": "0",
                            "egress.482069346.protocol": "-1",
                            "egress.482069346.security_groups.#": "0",
                            "egress.482069346.self": "false",
                            "egress.482069346.to_port": "0",
                            "id": "sg-20732548",
                            "ingress.#": "1",
                            "ingress.2581681239.cidr_blocks.#": "1",
                            "ingress.2581681239.cidr_blocks.0": "103.247.252.4/32",
                            "ingress.2581681239.from_port": "22",
                            "ingress.2581681239.ipv6_cidr_blocks.#": "0",
                            "ingress.2581681239.protocol": "tcp",
                            "ingress.2581681239.security_groups.#": "0",
                            "ingress.2581681239.self": "false",
                            "ingress.2581681239.to_port": "22",
                            "name": "SG_BASTION",
                            "owner_id": "922134043293",
                            "tags.%": "1",
                            "tags.Name": "tf-sgbastion",
                            "vpc_id": "vpc-7fe70417"
                        },
                        "meta": {},
                        "tainted": false
                    },
                    "deposed": [],
                    "provider": ""
                },
                "aws_security_group.SG_PUBLIC": {
                    "type": "aws_security_group",
                    "depends_on": [
                        "aws_vpc.VPC"
                    ],
                    "primary": {
                        "id": "sg-517e2839",
                        "attributes": {
                            "description": "Allow external access",
                            "egress.#": "1",
                            "egress.482069346.cidr_blocks.#": "1",
                            "egress.482069346.cidr_blocks.0": "0.0.0.0/0",
                            "egress.482069346.from_port": "0",
                            "egress.482069346.ipv6_cidr_blocks.#": "0",
                            "egress.482069346.prefix_list_ids.#": "0",
                            "egress.482069346.protocol": "-1",
                            "egress.482069346.security_groups.#": "0",
                            "egress.482069346.self": "false",
                            "egress.482069346.to_port": "0",
                            "id": "sg-517e2839",
                            "ingress.#": "1",
                            "ingress.2214680975.cidr_blocks.#": "1",
                            "ingress.2214680975.cidr_blocks.0": "0.0.0.0/0",
                            "ingress.2214680975.from_port": "80",
                            "ingress.2214680975.ipv6_cidr_blocks.#": "0",
                            "ingress.2214680975.protocol": "tcp",
                            "ingress.2214680975.security_groups.#": "0",
                            "ingress.2214680975.self": "false",
                            "ingress.2214680975.to_port": "80",
                            "name": "SG_PUBLIC",
                            "owner_id": "922134043293",
                            "tags.%": "1",
                            "tags.Name": "tf-sgpublic",
                            "vpc_id": "vpc-7fe70417"
                        },
                        "meta": {},
                        "tainted": false
                    },
                    "deposed": [],
                    "provider": ""
                },
                "aws_security_group.SG_RDS": {
                    "type": "aws_security_group",
                    "depends_on": [
                        "aws_security_group.SG_BASTION",
                        "aws_security_group.SG_PUBLIC",
                        "aws_vpc.VPC"
                    ],
                    "primary": {
                        "id": "sg-b67127de",
                        "attributes": {
                            "description": "Used for DB Instances",
                            "egress.#": "0",
                            "id": "sg-b67127de",
                            "ingress.#": "1",
                            "ingress.2104965588.cidr_blocks.#": "0",
                            "ingress.2104965588.from_port": "3306",
                            "ingress.2104965588.ipv6_cidr_blocks.#": "0",
                            "ingress.2104965588.protocol": "tcp",
                            "ingress.2104965588.security_groups.#": "2",
                            "ingress.2104965588.security_groups.476228110": "sg-517e2839",
                            "ingress.2104965588.security_groups.924690378": "sg-20732548",
                            "ingress.2104965588.self": "false",
                            "ingress.2104965588.to_port": "3306",
                            "name": "SG_RDS",
                            "owner_id": "922134043293",
                            "tags.%": "1",
                            "tags.Name": "tf-rds",
                            "vpc_id": "vpc-7fe70417"
                        },
                        "meta": {},
                        "tainted": false
                    },
                    "deposed": [],
                    "provider": ""
                },
                "aws_security_group.SG_SSH": {
                    "type": "aws_security_group",
                    "depends_on": [
                        "aws_instance.INS_BASTION",
                        "aws_vpc.VPC"
                    ],
                    "primary": {
                        "id": "sg-8a7c2ae2",
                        "attributes": {
                            "description": "Access private instances via Bastion Server",
                            "egress.#": "1",
                            "egress.482069346.cidr_blocks.#": "1",
                            "egress.482069346.cidr_blocks.0": "0.0.0.0/0",
                            "egress.482069346.from_port": "0",
                            "egress.482069346.ipv6_cidr_blocks.#": "0",
                            "egress.482069346.prefix_list_ids.#": "0",
                            "egress.482069346.protocol": "-1",
                            "egress.482069346.security_groups.#": "0",
                            "egress.482069346.self": "false",
                            "egress.482069346.to_port": "0",
                            "id": "sg-8a7c2ae2",
                            "ingress.#": "1",
                            "ingress.2742183170.cidr_blocks.#": "1",
                            "ingress.2742183170.cidr_blocks.0": "11.0.10.14/32",
                            "ingress.2742183170.from_port": "22",
                            "ingress.2742183170.ipv6_cidr_blocks.#": "0",
                            "ingress.2742183170.protocol": "tcp",
                            "ingress.2742183170.security_groups.#": "0",
                            "ingress.2742183170.self": "false",
                            "ingress.2742183170.to_port": "22",
                            "name": "SG_SSH",
                            "owner_id": "922134043293",
                            "tags.%": "1",
                            "tags.Name": "tf-sgssh",
                            "vpc_id": "vpc-7fe70417"
                        },
                        "meta": {},
                        "tainted": false
                    },
                    "deposed": [],
                    "provider": ""
                },
                "aws_security_group.SG_WEB": {
                    "type": "aws_security_group",
                    "depends_on": [
                        "aws_instance.INS_NAT",
                        "aws_vpc.VPC"
                    ],
                    "primary": {
                        "id": "sg-997d2bf1",
                        "attributes": {
                            "description": "Access private instances via Bastion Server",
                            "egress.#": "1",
                            "egress.482069346.cidr_blocks.#": "1",
                            "egress.482069346.cidr_blocks.0": "0.0.0.0/0",
                            "egress.482069346.from_port": "0",
                            "egress.482069346.ipv6_cidr_blocks.#": "0",
                            "egress.482069346.prefix_list_ids.#": "0",
                            "egress.482069346.protocol": "-1",
                            "egress.482069346.security_groups.#": "0",
                            "egress.482069346.self": "false",
                            "egress.482069346.to_port": "0",
                            "id": "sg-997d2bf1",
                            "ingress.#": "1",
                            "ingress.633298264.cidr_blocks.#": "1",
                            "ingress.633298264.cidr_blocks.0": "11.0.10.215/32",
                            "ingress.633298264.from_port": "80",
                            "ingress.633298264.ipv6_cidr_blocks.#": "0",
                            "ingress.633298264.protocol": "tcp",
                            "ingress.633298264.security_groups.#": "0",
                            "ingress.633298264.self": "false",
                            "ingress.633298264.to_port": "80",
                            "name": "SG_WEB",
                            "owner_id": "922134043293",
                            "tags.%": "1",
                            "tags.Name": "tf-sgweb",
                            "vpc_id": "vpc-7fe70417"
                        },
                        "meta": {},
                        "tainted": false
                    },
                    "deposed": [],
                    "provider": ""
                },
                "aws_subnet.SN_PRIVATE1": {
                    "type": "aws_subnet",
                    "depends_on": [
                        "aws_vpc.VPC"
                    ],
                    "primary": {
                        "id": "subnet-4a19ee22",
                        "attributes": {
                            "assign_ipv6_address_on_creation": "false",
                            "availability_zone": "us-east-2a",
                            "cidr_block": "11.0.11.0/25",
                            "id": "subnet-4a19ee22",
                            "map_public_ip_on_launch": "false",
                            "tags.%": "1",
                            "tags.Name": "tf-snpriv1",
                            "vpc_id": "vpc-7fe70417"
                        },
                        "meta": {
                            "schema_version": "1"
                        },
                        "tainted": false
                    },
                    "deposed": [],
                    "provider": ""
                },
                "aws_subnet.SN_PRIVATE2": {
                    "type": "aws_subnet",
                    "depends_on": [
                        "aws_vpc.VPC"
                    ],
                    "primary": {
                        "id": "subnet-9ca58fe7",
                        "attributes": {
                            "assign_ipv6_address_on_creation": "false",
                            "availability_zone": "us-east-2b",
                            "cidr_block": "11.0.11.128/25",
                            "id": "subnet-9ca58fe7",
                            "map_public_ip_on_launch": "false",
                            "tags.%": "1",
                            "tags.Name": "tf-snpriv2",
                            "vpc_id": "vpc-7fe70417"
                        },
                        "meta": {
                            "schema_version": "1"
                        },
                        "tainted": false
                    },
                    "deposed": [],
                    "provider": ""
                },
                "aws_subnet.SN_PUBLIC1": {
                    "type": "aws_subnet",
                    "depends_on": [
                        "aws_vpc.VPC"
                    ],
                    "primary": {
                        "id": "subnet-5e1ceb36",
                        "attributes": {
                            "assign_ipv6_address_on_creation": "false",
                            "availability_zone": "us-east-2a",
                            "cidr_block": "11.0.10.0/25",
                            "id": "subnet-5e1ceb36",
                            "map_public_ip_on_launch": "true",
                            "tags.%": "1",
                            "tags.Name": "tf-snpub1",
                            "vpc_id": "vpc-7fe70417"
                        },
                        "meta": {
                            "schema_version": "1"
                        },
                        "tainted": false
                    },
                    "deposed": [],
                    "provider": ""
                },
                "aws_subnet.SN_PUBLIC2": {
                    "type": "aws_subnet",
                    "depends_on": [
                        "aws_vpc.VPC"
                    ],
                    "primary": {
                        "id": "subnet-93a58fe8",
                        "attributes": {
                            "assign_ipv6_address_on_creation": "false",
                            "availability_zone": "us-east-2b",
                            "cidr_block": "11.0.10.128/25",
                            "id": "subnet-93a58fe8",
                            "map_public_ip_on_launch": "true",
                            "tags.%": "1",
                            "tags.Name": "tf-snpub2",
                            "vpc_id": "vpc-7fe70417"
                        },
                        "meta": {
                            "schema_version": "1"
                        },
                        "tainted": false
                    },
                    "deposed": [],
                    "provider": ""
                },
                "aws_subnet.SN_RDS1": {
                    "type": "aws_subnet",
                    "depends_on": [
                        "aws_vpc.VPC"
                    ],
                    "primary": {
                        "id": "subnet-061dea6e",
                        "attributes": {
                            "assign_ipv6_address_on_creation": "false",
                            "availability_zone": "us-east-2a",
                            "cidr_block": "11.0.12.0/25",
                            "id": "subnet-061dea6e",
                            "map_public_ip_on_launch": "false",
                            "tags.%": "1",
                            "tags.Name": "tf-snrds1",
                            "vpc_id": "vpc-7fe70417"
                        },
                        "meta": {
                            "schema_version": "1"
                        },
                        "tainted": false
                    },
                    "deposed": [],
                    "provider": ""
                },
                "aws_subnet.SN_RDS2": {
                    "type": "aws_subnet",
                    "depends_on": [
                        "aws_vpc.VPC"
                    ],
                    "primary": {
                        "id": "subnet-17bb916c",
                        "attributes": {
                            "assign_ipv6_address_on_creation": "false",
                            "availability_zone": "us-east-2b",
                            "cidr_block": "11.0.12.128/25",
                            "id": "subnet-17bb916c",
                            "map_public_ip_on_launch": "false",
                            "tags.%": "1",
                            "tags.Name": "tf-snrds2",
                            "vpc_id": "vpc-7fe70417"
                        },
                        "meta": {
                            "schema_version": "1"
                        },
                        "tainted": false
                    },
                    "deposed": [],
                    "provider": ""
                },
                "aws_vpc.VPC": {
                    "type": "aws_vpc",
                    "depends_on": [],
                    "primary": {
                        "id": "vpc-7fe70417",
                        "attributes": {
                            "assign_generated_ipv6_cidr_block": "false",
                            "cidr_block": "11.0.0.0/16",
                            "default_network_acl_id": "acl-d8b149b0",
                            "default_route_table_id": "rtb-a1f33dc9",
                            "default_security_group_id": "sg-967325fe",
                            "dhcp_options_id": "dopt-168b367f",
                            "enable_dns_hostnames": "false",
                            "enable_dns_support": "true",
                            "id": "vpc-7fe70417",
                            "instance_tenancy": "default",
                            "main_route_table_id": "rtb-a1f33dc9",
                            "tags.%": "1",
                            "tags.Name": "tf-vpc"
                        },
                        "meta": {
                            "schema_version": "1"
                        },
                        "tainted": false
                    },
                    "deposed": [],
                    "provider": ""
                },
                "random_id.RANDOM": {
                    "type": "random_id",
                    "depends_on": [],
                    "primary": {
                        "id": "20OBMwRmabI",
                        "attributes": {
                            "b64": "20OBMwRmabI",
                            "b64_std": "20OBMwRmabI=",
                            "b64_url": "20OBMwRmabI",
                            "byte_length": "8",
                            "dec": "15799613973862967730",
                            "hex": "db438133046669b2",
                            "id": "20OBMwRmabI"
                        },
                        "meta": {},
                        "tainted": false
                    },
                    "deposed": [],
                    "provider": ""
                }
            },
            "depends_on": []
        }
    ]
}
