{
    "version": 3,
    "terraform_version": "0.9.5",
    "serial": 31,
    "lineage": "e623a6b5-d83d-43d5-af76-db0c63bf8cb9",
    "modules": [
        {
            "path": [
                "root"
            ],
            "outputs": {},
            "resources": {
                "aws_ami_from_instance.golden": {
                    "type": "aws_ami_from_instance",
                    "depends_on": [
                        "aws_instance.aze-dev",
                        "aws_s3_bucket.aze-code",
                        "random_id.aze-ami"
                    ],
                    "primary": {
                        "id": "ami-c1e3cda4",
                        "attributes": {
                            "architecture": "x86_64",
                            "description": "",
                            "ebs_block_device.#": "1",
                            "ebs_block_device.3277087064.delete_on_termination": "true",
                            "ebs_block_device.3277087064.device_name": "/dev/xvda",
                            "ebs_block_device.3277087064.encrypted": "false",
                            "ebs_block_device.3277087064.iops": "0",
                            "ebs_block_device.3277087064.snapshot_id": "snap-036b15c52ed442e13",
                            "ebs_block_device.3277087064.volume_size": "8",
                            "ebs_block_device.3277087064.volume_type": "gp2",
                            "ephemeral_block_device.#": "0",
                            "id": "ami-c1e3cda4",
                            "image_location": "922134043293/ami-vzY_ZB-ALb8",
                            "kernel_id": "",
                            "manage_ebs_snapshots": "true",
                            "name": "ami-vzY_ZB-ALb8",
                            "ramdisk_id": "",
                            "root_device_name": "/dev/xvda",
                            "source_instance_id": "i-093c2701ddf573c25",
                            "sriov_net_support": "simple",
                            "tags.%": "0",
                            "virtualization_type": "hvm"
                        },
                        "meta": {},
                        "tainted": false
                    },
                    "deposed": [],
                    "provider": ""
                },
                "aws_autoscaling_group.asg": {
                    "type": "aws_autoscaling_group",
                    "depends_on": [
                        "aws_elb.prod",
                        "aws_launch_configuration.aze-lc",
                        "aws_subnet.aze-private1",
                        "aws_subnet.aze-private2"
                    ],
                    "primary": {
                        "id": "asg-lc-00cdd702f26974adfeded349b6",
                        "attributes": {
                            "arn": "arn:aws:autoscaling:us-east-2:922134043293:autoScalingGroup:c6bcaf6d-13d1-41c0-b271-caabeae58dbc:autoScalingGroupName/asg-lc-00cdd702f26974adfeded349b6",
                            "availability_zones.#": "2",
                            "availability_zones.1726430690": "us-east-2b",
                            "availability_zones.4293815384": "us-east-2a",
                            "default_cooldown": "300",
                            "desired_capacity": "2",
                            "force_delete": "true",
                            "health_check_grace_period": "300",
                            "health_check_type": "EC2",
                            "id": "asg-lc-00cdd702f26974adfeded349b6",
                            "launch_configuration": "lc-00cdd702f26974adfeded349b6",
                            "load_balancers.#": "1",
                            "load_balancers.2765627608": "aze-prod-elb",
                            "max_size": "2",
                            "metrics_granularity": "1Minute",
                            "min_size": "1",
                            "name": "asg-lc-00cdd702f26974adfeded349b6",
                            "placement_group": "",
                            "protect_from_scale_in": "false",
                            "suspended_processes.#": "0",
                            "tag.#": "1",
                            "tag.864033070.key": "Name",
                            "tag.864033070.propagate_at_launch": "true",
                            "tag.864033070.value": "aze-asgins",
                            "target_group_arns.#": "0",
                            "termination_policies.#": "0",
                            "vpc_zone_identifier.#": "2",
                            "vpc_zone_identifier.1060302": "subnet-a19fb7da",
                            "vpc_zone_identifier.94594822": "subnet-0019ec68",
                            "wait_for_capacity_timeout": "10m"
                        },
                        "meta": {},
                        "tainted": false
                    },
                    "deposed": [],
                    "provider": ""
                },
                "aws_db_instance.db": {
                    "type": "aws_db_instance",
                    "depends_on": [
                        "aws_db_subnet_group.aze_rdssnetgrp",
                        "aws_security_group.aze-rds"
                    ],
                    "primary": {
                        "id": "terraform-00c34dbfff7666f055edca48a1",
                        "attributes": {
                            "address": "terraform-00c34dbfff7666f055edca48a1.cjikczyyv5he.us-east-2.rds.amazonaws.com",
                            "allocated_storage": "10",
                            "arn": "arn:aws:rds:us-east-2:922134043293:db:terraform-00c34dbfff7666f055edca48a1",
                            "auto_minor_version_upgrade": "true",
                            "availability_zone": "us-east-2b",
                            "backup_retention_period": "0",
                            "backup_window": "05:56-06:26",
                            "copy_tags_to_snapshot": "false",
                            "db_subnet_group_name": "aze_rdssnetgrp",
                            "endpoint": "terraform-00c34dbfff7666f055edca48a1.cjikczyyv5he.us-east-2.rds.amazonaws.com:3306",
                            "engine": "mysql",
                            "engine_version": "5.6.37",
                            "hosted_zone_id": "Z2XHWR1WZ565X2",
                            "iam_database_authentication_enabled": "false",
                            "id": "terraform-00c34dbfff7666f055edca48a1",
                            "identifier": "terraform-00c34dbfff7666f055edca48a1",
                            "instance_class": "db.t2.micro",
                            "iops": "0",
                            "kms_key_id": "",
                            "license_model": "general-public-license",
                            "maintenance_window": "sun:03:32-sun:04:02",
                            "monitoring_interval": "0",
                            "multi_az": "false",
                            "name": "azedb",
                            "option_group_name": "default:mysql-5-6",
                            "parameter_group_name": "default.mysql5.6",
                            "password": "azepasswd",
                            "port": "3306",
                            "publicly_accessible": "false",
                            "replicas.#": "0",
                            "replicate_source_db": "",
                            "security_group_names.#": "0",
                            "skip_final_snapshot": "true",
                            "status": "available",
                            "storage_encrypted": "false",
                            "storage_type": "standard",
                            "tags.%": "0",
                            "timezone": "",
                            "username": "azedba",
                            "vpc_security_group_ids.#": "1",
                            "vpc_security_group_ids.3757975098": "sg-5b0e4433"
                        },
                        "meta": {
                            "e2bfb730-ecaa-11e6-8f88-34363bc7c4c0": {
                                "create": 2400000000000,
                                "delete": 2400000000000,
                                "update": 4800000000000
                            }
                        },
                        "tainted": false
                    },
                    "deposed": [],
                    "provider": ""
                },
                "aws_db_subnet_group.aze_rdssnetgrp": {
                    "type": "aws_db_subnet_group",
                    "depends_on": [
                        "aws_subnet.aze-rds1",
                        "aws_subnet.aze-rds2",
                        "aws_subnet.aze-rds3"
                    ],
                    "primary": {
                        "id": "aze_rdssnetgrp",
                        "attributes": {
                            "arn": "arn:aws:rds:us-east-2:922134043293:subgrp:aze_rdssnetgrp",
                            "description": "Managed by Terraform",
                            "id": "aze_rdssnetgrp",
                            "name": "aze_rdssnetgrp",
                            "subnet_ids.#": "3",
                            "subnet_ids.3199069565": "subnet-e604f18e",
                            "subnet_ids.484128399": "subnet-f19fb78a",
                            "subnet_ids.722367972": "subnet-ff9cb484",
                            "tags.%": "1",
                            "tags.Name": "aze-rdssng"
                        },
                        "meta": {},
                        "tainted": false
                    },
                    "deposed": [],
                    "provider": ""
                },
                "aws_default_route_table.aze-private": {
                    "type": "aws_default_route_table",
                    "depends_on": [
                        "aws_vpc.aze-vpc"
                    ],
                    "primary": {
                        "id": "rtb-0745886f",
                        "attributes": {
                            "default_route_table_id": "rtb-0745886f",
                            "id": "rtb-0745886f",
                            "propagating_vgws.#": "0",
                            "route.#": "0",
                            "tags.%": "1",
                            "tags.Name": "aze-private",
                            "vpc_id": "vpc-4358be2b"
                        },
                        "meta": {},
                        "tainted": false
                    },
                    "deposed": [],
                    "provider": ""
                },
                "aws_elb.prod": {
                    "type": "aws_elb",
                    "depends_on": [
                        "aws_security_group.aze-public",
                        "aws_subnet.aze-private1",
                        "aws_subnet.aze-private2"
                    ],
                    "primary": {
                        "id": "aze-prod-elb",
                        "attributes": {
                            "access_logs.#": "0",
                            "availability_zones.#": "2",
                            "availability_zones.1726430690": "us-east-2b",
                            "availability_zones.4293815384": "us-east-2a",
                            "connection_draining": "true",
                            "connection_draining_timeout": "400",
                            "cross_zone_load_balancing": "true",
                            "dns_name": "aze-prod-elb-971618775.us-east-2.elb.amazonaws.com",
                            "health_check.#": "1",
                            "health_check.0.healthy_threshold": "2",
                            "health_check.0.interval": "30",
                            "health_check.0.target": "HTTP:80/",
                            "health_check.0.timeout": "3",
                            "health_check.0.unhealthy_threshold": "2",
                            "id": "aze-prod-elb",
                            "idle_timeout": "400",
                            "instances.#": "0",
                            "internal": "false",
                            "listener.#": "1",
                            "listener.3057123346.instance_port": "80",
                            "listener.3057123346.instance_protocol": "http",
                            "listener.3057123346.lb_port": "80",
                            "listener.3057123346.lb_protocol": "http",
                            "listener.3057123346.ssl_certificate_id": "",
                            "name": "aze-prod-elb",
                            "security_groups.#": "1",
                            "security_groups.374986621": "sg-8a0943e2",
                            "source_security_group": "922134043293/aze-sgpub",
                            "source_security_group_id": "sg-8a0943e2",
                            "subnets.#": "2",
                            "subnets.1060302": "subnet-a19fb7da",
                            "subnets.94594822": "subnet-0019ec68",
                            "tags.%": "1",
                            "tags.Name": "aze-prod-elb",
                            "zone_id": "Z3AADJGX6KTTL2"
                        },
                        "meta": {},
                        "tainted": false
                    },
                    "deposed": [],
                    "provider": ""
                },
                "aws_iam_instance_profile.s3_azeaccess": {
                    "type": "aws_iam_instance_profile",
                    "depends_on": [
                        "aws_iam_role.s3_azeaccess"
                    ],
                    "primary": {
                        "id": "s3_azeaccess",
                        "attributes": {
                            "arn": "arn:aws:iam::922134043293:instance-profile/s3_azeaccess",
                            "id": "s3_azeaccess",
                            "name": "s3_azeaccess",
                            "path": "/",
                            "role": "s3_azeaccess",
                            "roles.#": "1",
                            "roles.3376125113": "s3_azeaccess",
                            "unique_id": "AIPAIRR5RFN6P2IOYNDHG"
                        },
                        "meta": {},
                        "tainted": false
                    },
                    "deposed": [],
                    "provider": ""
                },
                "aws_iam_role.s3_azeaccess": {
                    "type": "aws_iam_role",
                    "depends_on": [],
                    "primary": {
                        "id": "s3_azeaccess",
                        "attributes": {
                            "arn": "arn:aws:iam::922134043293:role/s3_azeaccess",
                            "assume_role_policy": "{\"Version\":\"2012-10-17\",\"Statement\":[{\"Sid\":\"\",\"Effect\":\"Allow\",\"Principal\":{\"Service\":\"ec2.amazonaws.com\"},\"Action\":\"sts:AssumeRole\"}]}",
                            "create_date": "2017-11-20T07:49:05Z",
                            "id": "s3_azeaccess",
                            "name": "s3_azeaccess",
                            "path": "/",
                            "unique_id": "AROAIX5MZ2CJG27BQ2QMO"
                        },
                        "meta": {},
                        "tainted": false
                    },
                    "deposed": [],
                    "provider": ""
                },
                "aws_iam_role_policy.s3_azepolicy": {
                    "type": "aws_iam_role_policy",
                    "depends_on": [
                        "aws_iam_role.s3_azeaccess"
                    ],
                    "primary": {
                        "id": "s3_azeaccess:s3_azepolicy",
                        "attributes": {
                            "id": "s3_azeaccess:s3_azepolicy",
                            "name": "s3_azepolicy",
                            "policy": "{\n  \"Version\": \"2012-10-17\",\n  \"Statement\": [\n    {\n      \"Effect\": \"Allow\",\n      \"Action\": \"s3:*\",\n      \"Resource\": \"*\"\n    }\n  ]\n}\n",
                            "role": "s3_azeaccess"
                        },
                        "meta": {},
                        "tainted": false
                    },
                    "deposed": [],
                    "provider": ""
                },
                "aws_instance.aze-dev": {
                    "type": "aws_instance",
                    "depends_on": [
                        "aws_iam_instance_profile.s3_azeaccess",
                        "aws_key_pair.aze-auth",
                        "aws_s3_bucket.aze-code",
                        "aws_security_group.aze-public",
                        "aws_subnet.aze-public"
                    ],
                    "primary": {
                        "id": "i-093c2701ddf573c25",
                        "attributes": {
                            "ami": "ami-aa1b34cf",
                            "associate_public_ip_address": "true",
                            "availability_zone": "us-east-2a",
                            "disable_api_termination": "false",
                            "ebs_block_device.#": "0",
                            "ebs_optimized": "false",
                            "ephemeral_block_device.#": "0",
                            "iam_instance_profile": "s3_azeaccess",
                            "id": "i-093c2701ddf573c25",
                            "instance_state": "running",
                            "instance_type": "t2.micro",
                            "ipv6_address_count": "0",
                            "ipv6_addresses.#": "0",
                            "key_name": "azekey",
                            "monitoring": "false",
                            "network_interface.#": "0",
                            "network_interface_id": "eni-29215d76",
                            "primary_network_interface_id": "eni-29215d76",
                            "private_dns": "ip-11-0-10-102.us-east-2.compute.internal",
                            "private_ip": "11.0.10.102",
                            "public_dns": "",
                            "public_ip": "52.15.120.39",
                            "root_block_device.#": "1",
                            "root_block_device.0.delete_on_termination": "true",
                            "root_block_device.0.iops": "100",
                            "root_block_device.0.volume_size": "8",
                            "root_block_device.0.volume_type": "gp2",
                            "security_groups.#": "0",
                            "source_dest_check": "true",
                            "subnet_id": "subnet-9c04f1f4",
                            "tags.%": "1",
                            "tags.Name": "aze-dev",
                            "tenancy": "default",
                            "volume_tags.%": "0",
                            "vpc_security_group_ids.#": "1",
                            "vpc_security_group_ids.374986621": "sg-8a0943e2"
                        },
                        "meta": {
                            "schema_version": "1"
                        },
                        "tainted": false
                    },
                    "deposed": [],
                    "provider": ""
                },
                "aws_internet_gateway.aze-igw": {
                    "type": "aws_internet_gateway",
                    "depends_on": [
                        "aws_vpc.aze-vpc"
                    ],
                    "primary": {
                        "id": "igw-1e217177",
                        "attributes": {
                            "id": "igw-1e217177",
                            "tags.%": "1",
                            "tags.Name": "aze-igw",
                            "vpc_id": "vpc-4358be2b"
                        },
                        "meta": {},
                        "tainted": false
                    },
                    "deposed": [],
                    "provider": ""
                },
                "aws_key_pair.aze-auth": {
                    "type": "aws_key_pair",
                    "depends_on": [],
                    "primary": {
                        "id": "azekey",
                        "attributes": {
                            "fingerprint": "7b:8d:4b:06:f5:3a:f9:57:85:57:3c:61:fa:45:9e:e8",
                            "id": "azekey",
                            "key_name": "azekey",
                            "public_key": "ssh-rsa AAAAB3NzaC1yc2EAAAADAQABAAABAQCwzuQtyCM6w56lFB6Y5yHM0/Cfun21VaTCK8jy2ShK2quYnYYYKgR13+0BammPX0pz7VAuHYUInC6L8sSVwSzd0N4vbX94S+4P3Ttv3zfIyeEeTJ4uA9HRH3R9HarouBcE+5Q0ZzTVT4vdz/JYfLH7qAE4ELwJ9xpPux/AKF3OSw56NaBiIRI2we7Ep8Ds2Z4s0+wP9WjAkZZs3zASarmuStqZEG+VyqfFhBPCnKUtACa1J+gIbn0I9eevutc55DlD84v/yEO+u3AmYGLXc/wls9snA6YZ3aKxCHkbqkWQEeZYZQi0KoTugECJcr7ciiW1OMLvvWgNAc+ZA21zwswF azesantos"
                        },
                        "meta": {
                            "schema_version": "1"
                        },
                        "tainted": false
                    },
                    "deposed": [],
                    "provider": ""
                },
                "aws_launch_configuration.aze-lc": {
                    "type": "aws_launch_configuration",
                    "depends_on": [
                        "aws_ami_from_instance.golden",
                        "aws_iam_instance_profile.s3_azeaccess",
                        "aws_key_pair.aze-auth",
                        "aws_security_group.aze-private"
                    ],
                    "primary": {
                        "id": "lc-00cdd702f26974adfeded349b6",
                        "attributes": {
                            "associate_public_ip_address": "false",
                            "ebs_block_device.#": "0",
                            "ebs_optimized": "false",
                            "enable_monitoring": "true",
                            "ephemeral_block_device.#": "0",
                            "iam_instance_profile": "s3_azeaccess",
                            "id": "lc-00cdd702f26974adfeded349b6",
                            "image_id": "ami-c1e3cda4",
                            "instance_type": "t2.micro",
                            "key_name": "azekey",
                            "name": "lc-00cdd702f26974adfeded349b6",
                            "name_prefix": "lc-",
                            "root_block_device.#": "0",
                            "security_groups.#": "1",
                            "security_groups.1181247676": "sg-520d473a",
                            "spot_price": "",
                            "user_data": "292292da5a20d25cd5d40ff0f80cf42138774e89",
                            "vpc_classic_link_id": "",
                            "vpc_classic_link_security_groups.#": "0"
                        },
                        "meta": {},
                        "tainted": false
                    },
                    "deposed": [],
                    "provider": ""
                },
                "aws_route_table.aze-public": {
                    "type": "aws_route_table",
                    "depends_on": [
                        "aws_internet_gateway.aze-igw",
                        "aws_vpc.aze-vpc"
                    ],
                    "primary": {
                        "id": "rtb-1a458872",
                        "attributes": {
                            "id": "rtb-1a458872",
                            "propagating_vgws.#": "0",
                            "route.#": "1",
                            "route.4283127914.cidr_block": "0.0.0.0/0",
                            "route.4283127914.egress_only_gateway_id": "",
                            "route.4283127914.gateway_id": "igw-1e217177",
                            "route.4283127914.instance_id": "",
                            "route.4283127914.ipv6_cidr_block": "",
                            "route.4283127914.nat_gateway_id": "",
                            "route.4283127914.network_interface_id": "",
                            "route.4283127914.vpc_peering_connection_id": "",
                            "tags.%": "1",
                            "tags.Name": "aze-public",
                            "vpc_id": "vpc-4358be2b"
                        },
                        "meta": {},
                        "tainted": false
                    },
                    "deposed": [],
                    "provider": ""
                },
                "aws_route_table_association.aze-priv1assoc": {
                    "type": "aws_route_table_association",
                    "depends_on": [
                        "aws_route_table.aze-public",
                        "aws_subnet.aze-private1"
                    ],
                    "primary": {
                        "id": "rtbassoc-e2f88c8a",
                        "attributes": {
                            "id": "rtbassoc-e2f88c8a",
                            "route_table_id": "rtb-1a458872",
                            "subnet_id": "subnet-0019ec68"
                        },
                        "meta": {},
                        "tainted": false
                    },
                    "deposed": [],
                    "provider": ""
                },
                "aws_route_table_association.aze-priv2assoc": {
                    "type": "aws_route_table_association",
                    "depends_on": [
                        "aws_route_table.aze-public",
                        "aws_subnet.aze-private2"
                    ],
                    "primary": {
                        "id": "rtbassoc-98fe8af0",
                        "attributes": {
                            "id": "rtbassoc-98fe8af0",
                            "route_table_id": "rtb-1a458872",
                            "subnet_id": "subnet-a19fb7da"
                        },
                        "meta": {},
                        "tainted": false
                    },
                    "deposed": [],
                    "provider": ""
                },
                "aws_route_table_association.aze-pubassoc": {
                    "type": "aws_route_table_association",
                    "depends_on": [
                        "aws_route_table.aze-public",
                        "aws_subnet.aze-public"
                    ],
                    "primary": {
                        "id": "rtbassoc-ecfd8984",
                        "attributes": {
                            "id": "rtbassoc-ecfd8984",
                            "route_table_id": "rtb-1a458872",
                            "subnet_id": "subnet-9c04f1f4"
                        },
                        "meta": {},
                        "tainted": false
                    },
                    "deposed": [],
                    "provider": ""
                },
                "aws_s3_bucket.aze-code": {
                    "type": "aws_s3_bucket",
                    "depends_on": [],
                    "primary": {
                        "id": "s3-bucket-aze00",
                        "attributes": {
                            "acceleration_status": "",
                            "acl": "private",
                            "arn": "arn:aws:s3:::s3-bucket-aze00",
                            "bucket": "s3-bucket-aze00",
                            "bucket_domain_name": "s3-bucket-aze00.s3.amazonaws.com",
                            "force_destroy": "true",
                            "hosted_zone_id": "Z2O1EMRO9K5GLX",
                            "id": "s3-bucket-aze00",
                            "logging.#": "0",
                            "region": "us-east-2",
                            "request_payer": "BucketOwner",
                            "tags.%": "1",
                            "tags.Name": "aze code bucket",
                            "versioning.#": "1",
                            "versioning.0.enabled": "false",
                            "versioning.0.mfa_delete": "false",
                            "website.#": "0"
                        },
                        "meta": {},
                        "tainted": false
                    },
                    "deposed": [],
                    "provider": ""
                },
                "aws_security_group.aze-private": {
                    "type": "aws_security_group",
                    "depends_on": [
                        "aws_vpc.aze-vpc"
                    ],
                    "primary": {
                        "id": "sg-520d473a",
                        "attributes": {
                            "description": "Used for private instances",
                            "egress.#": "1",
                            "egress.482069346.cidr_blocks.#": "1",
                            "egress.482069346.cidr_blocks.0": "0.0.0.0/0",
                            "egress.482069346.from_port": "0",
                            "egress.482069346.ipv6_cidr_blocks.#": "0",
                            "egress.482069346.prefix_list_ids.#": "0",
                            "egress.482069346.protocol": "-1",
                            "egress.482069346.security_groups.#": "0",
                            "egress.482069346.self": "false",
                            "egress.482069346.to_port": "0",
                            "id": "sg-520d473a",
                            "ingress.#": "1",
                            "ingress.3332331816.cidr_blocks.#": "1",
                            "ingress.3332331816.cidr_blocks.0": "11.0.10.0/25",
                            "ingress.3332331816.from_port": "0",
                            "ingress.3332331816.ipv6_cidr_blocks.#": "0",
                            "ingress.3332331816.protocol": "-1",
                            "ingress.3332331816.security_groups.#": "0",
                            "ingress.3332331816.self": "false",
                            "ingress.3332331816.to_port": "0",
                            "name": "aze-sgpriv",
                            "owner_id": "922134043293",
                            "tags.%": "1",
                            "tags.Name": "aze-sgpriv",
                            "vpc_id": "vpc-4358be2b"
                        },
                        "meta": {},
                        "tainted": false
                    },
                    "deposed": [],
                    "provider": ""
                },
                "aws_security_group.aze-public": {
                    "type": "aws_security_group",
                    "depends_on": [
                        "aws_vpc.aze-vpc"
                    ],
                    "primary": {
                        "id": "sg-8a0943e2",
                        "attributes": {
                            "description": "Used for public and load  balancers",
                            "egress.#": "1",
                            "egress.482069346.cidr_blocks.#": "1",
                            "egress.482069346.cidr_blocks.0": "0.0.0.0/0",
                            "egress.482069346.from_port": "0",
                            "egress.482069346.ipv6_cidr_blocks.#": "0",
                            "egress.482069346.prefix_list_ids.#": "0",
                            "egress.482069346.protocol": "-1",
                            "egress.482069346.security_groups.#": "0",
                            "egress.482069346.self": "false",
                            "egress.482069346.to_port": "0",
                            "id": "sg-8a0943e2",
                            "ingress.#": "2",
                            "ingress.2214680975.cidr_blocks.#": "1",
                            "ingress.2214680975.cidr_blocks.0": "0.0.0.0/0",
                            "ingress.2214680975.from_port": "80",
                            "ingress.2214680975.ipv6_cidr_blocks.#": "0",
                            "ingress.2214680975.protocol": "tcp",
                            "ingress.2214680975.security_groups.#": "0",
                            "ingress.2214680975.self": "false",
                            "ingress.2214680975.to_port": "80",
                            "ingress.2581681239.cidr_blocks.#": "1",
                            "ingress.2581681239.cidr_blocks.0": "103.247.252.4/32",
                            "ingress.2581681239.from_port": "22",
                            "ingress.2581681239.ipv6_cidr_blocks.#": "0",
                            "ingress.2581681239.protocol": "tcp",
                            "ingress.2581681239.security_groups.#": "0",
                            "ingress.2581681239.self": "false",
                            "ingress.2581681239.to_port": "22",
                            "name": "aze-sgpub",
                            "owner_id": "922134043293",
                            "tags.%": "1",
                            "tags.Name": "aze-sgpub",
                            "vpc_id": "vpc-4358be2b"
                        },
                        "meta": {},
                        "tainted": false
                    },
                    "deposed": [],
                    "provider": ""
                },
                "aws_security_group.aze-rds": {
                    "type": "aws_security_group",
                    "depends_on": [
                        "aws_security_group.aze-private",
                        "aws_security_group.aze-public",
                        "aws_vpc.aze-vpc"
                    ],
                    "primary": {
                        "id": "sg-5b0e4433",
                        "attributes": {
                            "description": "Used for DB Instances",
                            "egress.#": "0",
                            "id": "sg-5b0e4433",
                            "ingress.#": "1",
                            "ingress.447665664.cidr_blocks.#": "0",
                            "ingress.447665664.from_port": "3306",
                            "ingress.447665664.ipv6_cidr_blocks.#": "0",
                            "ingress.447665664.protocol": "tcp",
                            "ingress.447665664.security_groups.#": "2",
                            "ingress.447665664.security_groups.1181247676": "sg-520d473a",
                            "ingress.447665664.security_groups.374986621": "sg-8a0943e2",
                            "ingress.447665664.self": "false",
                            "ingress.447665664.to_port": "3306",
                            "name": "aze-sgrds",
                            "owner_id": "922134043293",
                            "tags.%": "1",
                            "tags.Name": "aze-sgrds",
                            "vpc_id": "vpc-4358be2b"
                        },
                        "meta": {},
                        "tainted": false
                    },
                    "deposed": [],
                    "provider": ""
                },
                "aws_subnet.aze-private1": {
                    "type": "aws_subnet",
                    "depends_on": [
                        "aws_vpc.aze-vpc"
                    ],
                    "primary": {
                        "id": "subnet-0019ec68",
                        "attributes": {
                            "assign_ipv6_address_on_creation": "false",
                            "availability_zone": "us-east-2a",
                            "cidr_block": "11.0.11.0/25",
                            "id": "subnet-0019ec68",
                            "map_public_ip_on_launch": "false",
                            "tags.%": "1",
                            "tags.Name": "aze-private1",
                            "vpc_id": "vpc-4358be2b"
                        },
                        "meta": {
                            "schema_version": "1"
                        },
                        "tainted": false
                    },
                    "deposed": [],
                    "provider": ""
                },
                "aws_subnet.aze-private2": {
                    "type": "aws_subnet",
                    "depends_on": [
                        "aws_vpc.aze-vpc"
                    ],
                    "primary": {
                        "id": "subnet-a19fb7da",
                        "attributes": {
                            "assign_ipv6_address_on_creation": "false",
                            "availability_zone": "us-east-2b",
                            "cidr_block": "11.0.12.0/25",
                            "id": "subnet-a19fb7da",
                            "map_public_ip_on_launch": "false",
                            "tags.%": "1",
                            "tags.Name": "aze-private2",
                            "vpc_id": "vpc-4358be2b"
                        },
                        "meta": {
                            "schema_version": "1"
                        },
                        "tainted": false
                    },
                    "deposed": [],
                    "provider": ""
                },
                "aws_subnet.aze-public": {
                    "type": "aws_subnet",
                    "depends_on": [
                        "aws_vpc.aze-vpc"
                    ],
                    "primary": {
                        "id": "subnet-9c04f1f4",
                        "attributes": {
                            "assign_ipv6_address_on_creation": "false",
                            "availability_zone": "us-east-2a",
                            "cidr_block": "11.0.10.0/25",
                            "id": "subnet-9c04f1f4",
                            "map_public_ip_on_launch": "true",
                            "tags.%": "1",
                            "tags.Name": "aze-public",
                            "vpc_id": "vpc-4358be2b"
                        },
                        "meta": {
                            "schema_version": "1"
                        },
                        "tainted": false
                    },
                    "deposed": [],
                    "provider": ""
                },
                "aws_subnet.aze-rds1": {
                    "type": "aws_subnet",
                    "depends_on": [
                        "aws_vpc.aze-vpc"
                    ],
                    "primary": {
                        "id": "subnet-e604f18e",
                        "attributes": {
                            "assign_ipv6_address_on_creation": "false",
                            "availability_zone": "us-east-2a",
                            "cidr_block": "11.0.11.128/25",
                            "id": "subnet-e604f18e",
                            "map_public_ip_on_launch": "false",
                            "tags.%": "1",
                            "tags.Name": "aze-rds1",
                            "vpc_id": "vpc-4358be2b"
                        },
                        "meta": {
                            "schema_version": "1"
                        },
                        "tainted": false
                    },
                    "deposed": [],
                    "provider": ""
                },
                "aws_subnet.aze-rds2": {
                    "type": "aws_subnet",
                    "depends_on": [
                        "aws_vpc.aze-vpc"
                    ],
                    "primary": {
                        "id": "subnet-f19fb78a",
                        "attributes": {
                            "assign_ipv6_address_on_creation": "false",
                            "availability_zone": "us-east-2b",
                            "cidr_block": "11.0.12.128/25",
                            "id": "subnet-f19fb78a",
                            "map_public_ip_on_launch": "false",
                            "tags.%": "1",
                            "tags.Name": "aze-rds2",
                            "vpc_id": "vpc-4358be2b"
                        },
                        "meta": {
                            "schema_version": "1"
                        },
                        "tainted": false
                    },
                    "deposed": [],
                    "provider": ""
                },
                "aws_subnet.aze-rds3": {
                    "type": "aws_subnet",
                    "depends_on": [
                        "aws_vpc.aze-vpc"
                    ],
                    "primary": {
                        "id": "subnet-ff9cb484",
                        "attributes": {
                            "assign_ipv6_address_on_creation": "false",
                            "availability_zone": "us-east-2b",
                            "cidr_block": "11.0.10.128/25",
                            "id": "subnet-ff9cb484",
                            "map_public_ip_on_launch": "false",
                            "tags.%": "1",
                            "tags.Name": "aze-rds3",
                            "vpc_id": "vpc-4358be2b"
                        },
                        "meta": {
                            "schema_version": "1"
                        },
                        "tainted": false
                    },
                    "deposed": [],
                    "provider": ""
                },
                "aws_vpc.aze-vpc": {
                    "type": "aws_vpc",
                    "depends_on": [],
                    "primary": {
                        "id": "vpc-4358be2b",
                        "attributes": {
                            "assign_generated_ipv6_cidr_block": "false",
                            "cidr_block": "11.0.0.0/16",
                            "default_network_acl_id": "acl-d130cfb9",
                            "default_route_table_id": "rtb-0745886f",
                            "default_security_group_id": "sg-080f4560",
                            "dhcp_options_id": "dopt-168b367f",
                            "enable_dns_hostnames": "false",
                            "enable_dns_support": "true",
                            "id": "vpc-4358be2b",
                            "instance_tenancy": "default",
                            "main_route_table_id": "rtb-0745886f",
                            "tags.%": "1",
                            "tags.Name": "aze-vpc"
                        },
                        "meta": {
                            "schema_version": "1"
                        },
                        "tainted": false
                    },
                    "deposed": [],
                    "provider": ""
                },
                "aws_vpc_endpoint.aze-privates3": {
                    "type": "aws_vpc_endpoint",
                    "depends_on": [
                        "aws_route_table.aze-public",
                        "aws_vpc.aze-vpc"
                    ],
                    "primary": {
                        "id": "vpce-ba52a0d3",
                        "attributes": {
                            "cidr_blocks.#": "2",
                            "cidr_blocks.0": "52.219.80.0/20",
                            "cidr_blocks.1": "52.92.76.0/22",
                            "id": "vpce-ba52a0d3",
                            "policy": "{\"Statement\":[{\"Action\":\"*\",\"Effect\":\"Allow\",\"Principal\":\"*\",\"Resource\":\"*\"}],\"Version\":\"2008-10-17\"}",
                            "prefix_list_id": "pl-7ba54012",
                            "route_table_ids.#": "2",
                            "route_table_ids.2012922462": "rtb-0745886f",
                            "route_table_ids.2387131105": "rtb-1a458872",
                            "service_name": "com.amazonaws.us-east-2.s3",
                            "vpc_id": "vpc-4358be2b"
                        },
                        "meta": {},
                        "tainted": false
                    },
                    "deposed": [],
                    "provider": ""
                },
                "random_id.aze-ami": {
                    "type": "random_id",
                    "depends_on": [],
                    "primary": {
                        "id": "vzY_ZB-ALb8",
                        "attributes": {
                            "b64": "vzY_ZB-ALb8",
                            "b64_std": "vzY/ZB+ALb8=",
                            "b64_url": "vzY_ZB-ALb8",
                            "byte_length": "8",
                            "dec": "13778269809244384703",
                            "hex": "bf363f641f802dbf",
                            "id": "vzY_ZB-ALb8"
                        },
                        "meta": {},
                        "tainted": false
                    },
                    "deposed": [],
                    "provider": ""
                },
                "random_id.aze-asg": {
                    "type": "random_id",
                    "depends_on": [],
                    "primary": {
                        "id": "Tnj6Rq-5Cf0",
                        "attributes": {
                            "b64": "Tnj6Rq-5Cf0",
                            "b64_std": "Tnj6Rq+5Cf0=",
                            "b64_url": "Tnj6Rq-5Cf0",
                            "byte_length": "8",
                            "dec": "5654544513666451965",
                            "hex": "4e78fa46afb909fd",
                            "id": "Tnj6Rq-5Cf0"
                        },
                        "meta": {},
                        "tainted": false
                    },
                    "deposed": [],
                    "provider": ""
                }
            },
            "depends_on": []
        }
    ]
}
