{
    "version": 3,
    "terraform_version": "0.10.8",
    "serial": 34,
    "lineage": "e623a6b5-d83d-43d5-af76-db0c63bf8cb9",
    "modules": [
        {
            "path": [
                "root"
            ],
            "outputs": {},
            "resources": {
                "aws_key_pair.aze-auth": {
                    "type": "aws_key_pair",
                    "depends_on": [],
                    "primary": {
                        "id": "id_rsa",
                        "attributes": {
                            "id": "id_rsa",
                            "key_name": "id_rsa",
                            "public_key": "ssh-rsa AAAAB3NzaC1yc2EAAAADAQABAAABAQCwzuQtyCM6w56lFB6Y5yHM0/Cfun21VaTCK8jy2ShK2quYnYYYKgR13+0BammPX0pz7VAuHYUInC6L8sSVwSzd0N4vbX94S+4P3Ttv3zfIyeEeTJ4uA9HRH3R9HarouBcE+5Q0ZzTVT4vdz/JYfLH7qAE4ELwJ9xpPux/AKF3OSw56NaBiIRI2we7Ep8Ds2Z4s0+wP9WjAkZZs3zASarmuStqZEG+VyqfFhBPCnKUtACa1J+gIbn0I9eevutc55DlD84v/yEO+u3AmYGLXc/wls9snA6YZ3aKxCHkbqkWQEeZYZQi0KoTugECJcr7ciiW1OMLvvWgNAc+ZA21zwswF azesantos"
                        },
                        "meta": {
                            "schema_version": "1"
                        },
                        "tainted": false
                    },
                    "deposed": [],
                    "provider": ""
                },
                "random_id.aze-ami": {
                    "type": "random_id",
                    "depends_on": [],
                    "primary": {
                        "id": "WqhyWJvemO8",
                        "attributes": {
                            "b64": "WqhyWJvemO8",
                            "b64_std": "WqhyWJvemO8=",
                            "b64_url": "WqhyWJvemO8",
                            "byte_length": "8",
                            "dec": "6532596984398649583",
                            "hex": "5aa872589bde98ef",
                            "id": "WqhyWJvemO8"
                        },
                        "meta": {},
                        "tainted": false
                    },
                    "deposed": [],
                    "provider": ""
                },
                "random_id.aze-asg": {
                    "type": "random_id",
                    "depends_on": [],
                    "primary": {
                        "id": "waFi9xGiXPE",
                        "attributes": {
                            "b64": "waFi9xGiXPE",
                            "b64_std": "waFi9xGiXPE=",
                            "b64_url": "waFi9xGiXPE",
                            "byte_length": "8",
                            "dec": "13952541933862804721",
                            "hex": "c1a162f711a25cf1",
                            "id": "waFi9xGiXPE"
                        },
                        "meta": {},
                        "tainted": false
                    },
                    "deposed": [],
                    "provider": ""
                }
            },
            "depends_on": []
        }
    ]
}
